// !$*UTF8*$!
{
	archiveVersion = 1;
	classes = {
	};
	objectVersion = 55;
	objects = {

/* Begin PBXBuildFile section */
		B90756AB286DBD9A000EE9B2 /* AppDelegate.swift in Sources */ = {isa = PBXBuildFile; fileRef = B90756AA286DBD9A000EE9B2 /* AppDelegate.swift */; };
		B90756AD286DBD9A000EE9B2 /* SceneDelegate.swift in Sources */ = {isa = PBXBuildFile; fileRef = B90756AC286DBD9A000EE9B2 /* SceneDelegate.swift */; };
		B90756AF286DBD9A000EE9B2 /* ViewController.swift in Sources */ = {isa = PBXBuildFile; fileRef = B90756AE286DBD9A000EE9B2 /* ViewController.swift */; };
		B90756B2286DBD9A000EE9B2 /* Main.storyboard in Resources */ = {isa = PBXBuildFile; fileRef = B90756B0286DBD9A000EE9B2 /* Main.storyboard */; };
		B90756B5286DBD9A000EE9B2 /* Practic.xcdatamodeld in Sources */ = {isa = PBXBuildFile; fileRef = B90756B3286DBD9A000EE9B2 /* Practic.xcdatamodeld */; };
		B90756B7286DBD9C000EE9B2 /* Assets.xcassets in Resources */ = {isa = PBXBuildFile; fileRef = B90756B6286DBD9C000EE9B2 /* Assets.xcassets */; };
		B90756BA286DBD9C000EE9B2 /* LaunchScreen.storyboard in Resources */ = {isa = PBXBuildFile; fileRef = B90756B8286DBD9C000EE9B2 /* LaunchScreen.storyboard */; };
/* End PBXBuildFile section */

/* Begin PBXFileReference section */
		B90756A7286DBD9A000EE9B2 /* Practic.app */ = {isa = PBXFileReference; explicitFileType = wrapper.application; includeInIndex = 0; path = Practic.app; sourceTree = BUILT_PRODUCTS_DIR; };
		B90756AA286DBD9A000EE9B2 /* AppDelegate.swift */ = {isa = PBXFileReference; lastKnownFileType = sourcecode.swift; path = AppDelegate.swift; sourceTree = "<group>"; };
		B90756AC286DBD9A000EE9B2 /* SceneDelegate.swift */ = {isa = PBXFileReference; lastKnownFileType = sourcecode.swift; path = SceneDelegate.swift; sourceTree = "<group>"; };
		B90756AE286DBD9A000EE9B2 /* ViewController.swift */ = {isa = PBXFileReference; lastKnownFileType = sourcecode.swift; path = ViewController.swift; sourceTree = "<group>"; };
		B90756B1286DBD9A000EE9B2 /* Base */ = {isa = PBXFileReference; lastKnownFileType = file.storyboard; name = Base; path = Base.lproj/Main.storyboard; sourceTree = "<group>"; };
		B90756B4286DBD9A000EE9B2 /* Practic.xcdatamodel */ = {isa = PBXFileReference; lastKnownFileType = wrapper.xcdatamodel; path = Practic.xcdatamodel; sourceTree = "<group>"; };
		B90756B6286DBD9C000EE9B2 /* Assets.xcassets */ = {isa = PBXFileReference; lastKnownFileType = folder.assetcatalog; path = Assets.xcassets; sourceTree = "<group>"; };
		B90756B9286DBD9C000EE9B2 /* Base */ = {isa = PBXFileReference; lastKnownFileType = file.storyboard; name = Base; path = Base.lproj/LaunchScreen.storyboard; sourceTree = "<group>"; };
		B90756BB286DBD9C000EE9B2 /* Info.plist */ = {isa = PBXFileReference; lastKnownFileType = text.plist.xml; path = Info.plist; sourceTree = "<group>"; };
/* End PBXFileReference section */

/* Begin PBXFrameworksBuildPhase section */
		B90756A4286DBD9A000EE9B2 /* Frameworks */ = {
			isa = PBXFrameworksBuildPhase;
			buildActionMask = 2147483647;
			files = (
			);
			runOnlyForDeploymentPostprocessing = 0;
		};
/* End PBXFrameworksBuildPhase section */

/* Begin PBXGroup section */
		B907569E286DBD9A000EE9B2 = {
			isa = PBXGroup;
			children = (
				B90756A9286DBD9A000EE9B2 /* Practic */,
				B90756A8286DBD9A000EE9B2 /* Products */,
			);
			sourceTree = "<group>";
		};
		B90756A8286DBD9A000EE9B2 /* Products */ = {
			isa = PBXGroup;
			children = (
				B90756A7286DBD9A000EE9B2 /* Practic.app */,
			);
			name = Products;
			sourceTree = "<group>";
		};
		B90756A9286DBD9A000EE9B2 /* Practic */ = {
			isa = PBXGroup;
			children = (
				B90756AA286DBD9A000EE9B2 /* AppDelegate.swift */,
				B90756AC286DBD9A000EE9B2 /* SceneDelegate.swift */,
				B90756AE286DBD9A000EE9B2 /* ViewController.swift */,
				B90756B0286DBD9A000EE9B2 /* Main.storyboard */,
				B90756B6286DBD9C000EE9B2 /* Assets.xcassets */,
				B90756B8286DBD9C000EE9B2 /* LaunchScreen.storyboard */,
				B90756BB286DBD9C000EE9B2 /* Info.plist */,
				B90756B3286DBD9A000EE9B2 /* Practic.xcdatamodeld */,
			);
			path = Practic;
			sourceTree = "<group>";
		};
/* End PBXGroup section */

/* Begin PBXNativeTarget section */
		B90756A6286DBD9A000EE9B2 /* Practic */ = {
			isa = PBXNativeTarget;
			buildConfigurationList = B90756BE286DBD9C000EE9B2 /* Build configuration list for PBXNativeTarget "Practic" */;
			buildPhases = (
				B90756A3286DBD9A000EE9B2 /* Sources */,
				B90756A4286DBD9A000EE9B2 /* Frameworks */,
				B90756A5286DBD9A000EE9B2 /* Resources */,
			);
			buildRules = (
			);
			dependencies = (
			);
			name = Practic;
			productName = Practic;
			productReference = B90756A7286DBD9A000EE9B2 /* Practic.app */;
			productType = "com.apple.product-type.application";
		};
/* End PBXNativeTarget section */

/* Begin PBXProject section */
		B907569F286DBD9A000EE9B2 /* Project object */ = {
			isa = PBXProject;
			attributes = {
				BuildIndependentTargetsInParallel = 1;
				LastSwiftUpdateCheck = 1340;
				LastUpgradeCheck = 1340;
				TargetAttributes = {
					B90756A6286DBD9A000EE9B2 = {
						CreatedOnToolsVersion = 13.4.1;
					};
				};
			};
			buildConfigurationList = B90756A2286DBD9A000EE9B2 /* Build configuration list for PBXProject "Practic" */;
			compatibilityVersion = "Xcode 13.0";
			developmentRegion = en;
			hasScannedForEncodings = 0;
			knownRegions = (
				en,
				Base,
			);
			mainGroup = B907569E286DBD9A000EE9B2;
			productRefGroup = B90756A8286DBD9A000EE9B2 /* Products */;
			projectDirPath = "";
			projectRoot = "";
			targets = (
				B90756A6286DBD9A000EE9B2 /* Practic */,
			);
		};
/* End PBXProject section */

/* Begin PBXResourcesBuildPhase section */
		B90756A5286DBD9A000EE9B2 /* Resources */ = {
			isa = PBXResourcesBuildPhase;
			buildActionMask = 2147483647;
			files = (
				B90756BA286DBD9C000EE9B2 /* LaunchScreen.storyboard in Resources */,
				B90756B7286DBD9C000EE9B2 /* Assets.xcassets in Resources */,
				B90756B2286DBD9A000EE9B2 /* Main.storyboard in Resources */,
			);
			runOnlyForDeploymentPostprocessing = 0;
		};
/* End PBXResourcesBuildPhase section */

/* Begin PBXSourcesBuildPhase section */
		B90756A3286DBD9A000EE9B2 /* Sources */ = {
			isa = PBXSourcesBuildPhase;
			buildActionMask = 2147483647;
			files = (
				B90756AF286DBD9A000EE9B2 /* ViewController.swift in Sources */,
				B90756AB286DBD9A000EE9B2 /* AppDelegate.swift in Sources */,
				B90756B5286DBD9A000EE9B2 /* Practic.xcdatamodeld in Sources */,
				B90756AD286DBD9A000EE9B2 /* SceneDelegate.swift in Sources */,
			);
			runOnlyForDeploymentPostprocessing = 0;
		};
/* End PBXSourcesBuildPhase section */

/* Begin PBXVariantGroup section */
		B90756B0286DBD9A000EE9B2 /* Main.storyboard */ = {
			isa = PBXVariantGroup;
			children = (
				B90756B1286DBD9A000EE9B2 /* Base */,
			);
			name = Main.storyboard;
			sourceTree = "<group>";
		};
		B90756B8286DBD9C000EE9B2 /* LaunchScreen.storyboard */ = {
			isa = PBXVariantGroup;
			children = (
				B90756B9286DBD9C000EE9B2 /* Base */,
			);
			name = LaunchScreen.storyboard;
			sourceTree = "<group>";
		};
/* End PBXVariantGroup section */

/* Begin XCBuildConfiguration section */
		B90756BC286DBD9C000EE9B2 /* Debug */ = {
			isa = XCBuildConfiguration;
			buildSettings = {
				ALWAYS_SEARCH_USER_PATHS = NO;
				CLANG_ANALYZER_NONNULL = YES;
				CLANG_ANALYZER_NUMBER_OBJECT_CONVERSION = YES_AGGRESSIVE;
				CLANG_CXX_LANGUAGE_STANDARD = "gnu++17";
				CLANG_ENABLE_MODULES = YES;
				CLANG_ENABLE_OBJC_ARC = YES;
				CLANG_ENABLE_OBJC_WEAK = YES;
				CLANG_WARN_BLOCK_CAPTURE_AUTORELEASING = YES;
				CLANG_WARN_BOOL_CONVERSION = YES;
				CLANG_WARN_COMMA = YES;
				CLANG_WARN_CONSTANT_CONVERSION = YES;
				CLANG_WARN_DEPRECATED_OBJC_IMPLEMENTATIONS = YES;
				CLANG_WARN_DIRECT_OBJC_ISA_USAGE = YES_ERROR;
				CLANG_WARN_DOCUMENTATION_COMMENTS = YES;
				CLANG_WARN_EMPTY_BODY = YES;
				CLANG_WARN_ENUM_CONVERSION = YES;
				CLANG_WARN_INFINITE_RECURSION = YES;
				CLANG_WARN_INT_CONVERSION = YES;
				CLANG_WARN_NON_LITERAL_NULL_CONVERSION = YES;
				CLANG_WARN_OBJC_IMPLICIT_RETAIN_SELF = YES;
				CLANG_WARN_OBJC_LITERAL_CONVERSION = YES;
				CLANG_WARN_OBJC_ROOT_CLASS = YES_ERROR;
				CLANG_WARN_QUOTED_INCLUDE_IN_FRAMEWORK_HEADER = YES;
				CLANG_WARN_RANGE_LOOP_ANALYSIS = YES;
				CLANG_WARN_STRICT_PROTOTYPES = YES;
				CLANG_WARN_SUSPICIOUS_MOVE = YES;
				CLANG_WARN_UNGUARDED_AVAILABILITY = YES_AGGRESSIVE;
				CLANG_WARN_UNREACHABLE_CODE = YES;
				CLANG_WARN__DUPLICATE_METHOD_MATCH = YES;
				COPY_PHASE_STRIP = NO;
				DEBUG_INFORMATION_FORMAT = dwarf;
				ENABLE_STRICT_OBJC_MSGSEND = YES;
				ENABLE_TESTABILITY = YES;
				GCC_C_LANGUAGE_STANDARD = gnu11;
				GCC_DYNAMIC_NO_PIC = NO;
				GCC_NO_COMMON_BLOCKS = YES;
				GCC_OPTIMIZATION_LEVEL = 0;
				GCC_PREPROCESSOR_DEFINITIONS = (
					"DEBUG=1",
					"$(inherited)",
				);
				GCC_WARN_64_TO_32_BIT_CONVERSION = YES;
				GCC_WARN_ABOUT_RETURN_TYPE = YES_ERROR;
				GCC_WARN_UNDECLARED_SELECTOR = YES;
				GCC_WARN_UNINITIALIZED_AUTOS = YES_AGGRESSIVE;
				GCC_WARN_UNUSED_FUNCTION = YES;
				GCC_WARN_UNUSED_VARIABLE = YES;
				IPHONEOS_DEPLOYMENT_TARGET = 15.5;
				MTL_ENABLE_DEBUG_INFO = INCLUDE_SOURCE;
				MTL_FAST_MATH = YES;
				ONLY_ACTIVE_ARCH = YES;
				SDKROOT = iphoneos;
				SWIFT_ACTIVE_COMPILATION_CONDITIONS = DEBUG;
				SWIFT_OPTIMIZATION_LEVEL = "-Onone";
			};
			name = Debug;
		};
		B90756BD286DBD9C000EE9B2 /* Release */ = {
			isa = XCBuildConfiguration;
			buildSettings = {
				ALWAYS_SEARCH_USER_PATHS = NO;
				CLANG_ANALYZER_NONNULL = YES;
				CLANG_ANALYZER_NUMBER_OBJECT_CONVERSION = YES_AGGRESSIVE;
				CLANG_CXX_LANGUAGE_STANDARD = "gnu++17";
				CLANG_ENABLE_MODULES = YES;
				CLANG_ENABLE_OBJC_ARC = YES;
				CLANG_ENABLE_OBJC_WEAK = YES;
				CLANG_WARN_BLOCK_CAPTURE_AUTORELEASING = YES;
				CLANG_WARN_BOOL_CONVERSION = YES;
				CLANG_WARN_COMMA = YES;
				CLANG_WARN_CONSTANT_CONVERSION = YES;
				CLANG_WARN_DEPRECATED_OBJC_IMPLEMENTATIONS = YES;
				CLANG_WARN_DIRECT_OBJC_ISA_USAGE = YES_ERROR;
				CLANG_WARN_DOCUMENTATION_COMMENTS = YES;
				CLANG_WARN_EMPTY_BODY = YES;
				CLANG_WARN_ENUM_CONVERSION = YES;
				CLANG_WARN_INFINITE_RECURSION = YES;
				CLANG_WARN_INT_CONVERSION = YES;
				CLANG_WARN_NON_LITERAL_NULL_CONVERSION = YES;
				CLANG_WARN_OBJC_IMPLICIT_RETAIN_SELF = YES;
				CLANG_WARN_OBJC_LITERAL_CONVERSION = YES;
				CLANG_WARN_OBJC_ROOT_CLASS = YES_ERROR;
				CLANG_WARN_QUOTED_INCLUDE_IN_FRAMEWORK_HEADER = YES;
				CLANG_WARN_RANGE_LOOP_ANALYSIS = YES;
				CLANG_WARN_STRICT_PROTOTYPES = YES;
				CLANG_WARN_SUSPICIOUS_MOVE = YES;
				CLANG_WARN_UNGUARDED_AVAILABILITY = YES_AGGRESSIVE;
				CLANG_WARN_UNREACHABLE_CODE = YES;
				CLANG_WARN__DUPLICATE_METHOD_MATCH = YES;
				COPY_PHASE_STRIP = NO;
				DEBUG_INFORMATION_FORMAT = "dwarf-with-dsym";
				ENABLE_NS_ASSERTIONS = NO;
				ENABLE_STRICT_OBJC_MSGSEND = YES;
				GCC_C_LANGUAGE_STANDARD = gnu11;
				GCC_NO_COMMON_BLOCKS = YES;
				GCC_WARN_64_TO_32_BIT_CONVERSION = YES;
				GCC_WARN_ABOUT_RETURN_TYPE = YES_ERROR;
				GCC_WARN_UNDECLARED_SELECTOR = YES;
				GCC_WARN_UNINITIALIZED_AUTOS = YES_AGGRESSIVE;
				GCC_WARN_UNUSED_FUNCTION = YES;
				GCC_WARN_UNUSED_VARIABLE = YES;
				IPHONEOS_DEPLOYMENT_TARGET = 15.5;
				MTL_ENABLE_DEBUG_INFO = NO;
				MTL_FAST_MATH = YES;
				SDKROOT = iphoneos;
				SWIFT_COMPILATION_MODE = wholemodule;
				SWIFT_OPTIMIZATION_LEVEL = "-O";
				VALIDATE_PRODUCT = YES;
			};
			name = Release;
		};
		B90756BF286DBD9C000EE9B2 /* Debug */ = {
			isa = XCBuildConfiguration;
			buildSettings = {
				ASSETCATALOG_COMPILER_APPICON_NAME = AppIcon;
				ASSETCATALOG_COMPILER_GLOBAL_ACCENT_COLOR_NAME = AccentColor;
				CODE_SIGN_STYLE = Automatic;
				CURRENT_PROJECT_VERSION = 1;
				DEVELOPMENT_TEAM = 72R2622LNA;
				GENERATE_INFOPLIST_FILE = YES;
				INFOPLIST_FILE = Practic/Info.plist;
				INFOPLIST_KEY_UIApplicationSupportsIndirectInputEvents = YES;
				INFOPLIST_KEY_UILaunchStoryboardName = LaunchScreen;
				INFOPLIST_KEY_UIMainStoryboardFile = Main;
				INFOPLIST_KEY_UISupportedInterfaceOrientations_iPad = "UIInterfaceOrientationPortrait UIInterfaceOrientationPortraitUpsideDown UIInterfaceOrientationLandscapeLeft UIInterfaceOrientationLandscapeRight";
				INFOPLIST_KEY_UISupportedInterfaceOrientations_iPhone = "UIInterfaceOrientationPortrait UIInterfaceOrientationLandscapeLeft UIInterfaceOrientationLandscapeRight";
				LD_RUNPATH_SEARCH_PATHS = (
					"$(inherited)",
					"@executable_path/Frameworks",
				);
				MARKETING_VERSION = 1.0;
				PRODUCT_BUNDLE_IDENTIFIER = co.appbrewery.Practic;
				PRODUCT_NAME = "$(TARGET_NAME)";
				SWIFT_EMIT_LOC_STRINGS = YES;
				SWIFT_VERSION = 5.0;
				TARGETED_DEVICE_FAMILY = "1,2";
			};
			name = Debug;
		};
		B90756C0286DBD9C000EE9B2 /* Release */ = {
			isa = XCBuildConfiguration;
			buildSettings = {
				ASSETCATALOG_COMPILER_APPICON_NAME = AppIcon;
				ASSETCATALOG_COMPILER_GLOBAL_ACCENT_COLOR_NAME = AccentColor;
				CODE_SIGN_STYLE = Automatic;
				CURRENT_PROJECT_VERSION = 1;
				DEVELOPMENT_TEAM = 72R2622LNA;
				GENERATE_INFOPLIST_FILE = YES;
				INFOPLIST_FILE = Practic/Info.plist;
				INFOPLIST_KEY_UIApplicationSupportsIndirectInputEvents = YES;
				INFOPLIST_KEY_UILaunchStoryboardName = LaunchScreen;
				INFOPLIST_KEY_UIMainStoryboardFile = Main;
				INFOPLIST_KEY_UISupportedInterfaceOrientations_iPad = "UIInterfaceOrientationPortrait UIInterfaceOrientationPortraitUpsideDown UIInterfaceOrientationLandscapeLeft UIInterfaceOrientationLandscapeRight";
				INFOPLIST_KEY_UISupportedInterfaceOrientations_iPhone = "UIInterfaceOrientationPortrait UIInterfaceOrientationLandscapeLeft UIInterfaceOrientationLandscapeRight";
				LD_RUNPATH_SEARCH_PATHS = (
					"$(inherited)",
					"@executable_path/Frameworks",
				);
				MARKETING_VERSION = 1.0;
				PRODUCT_BUNDLE_IDENTIFIER = co.appbrewery.Practic;
				PRODUCT_NAME = "$(TARGET_NAME)";
				SWIFT_EMIT_LOC_STRINGS = YES;
				SWIFT_VERSION = 5.0;
				TARGETED_DEVICE_FAMILY = "1,2";
			};
			name = Release;
		};
/* End XCBuildConfiguration section */

/* Begin XCConfigurationList section */
		B90756A2286DBD9A000EE9B2 /* Build configuration list for PBXProject "Practic" */ = {
			isa = XCConfigurationList;
			buildConfigurations = (
				B90756BC286DBD9C000EE9B2 /* Debug */,
				B90756BD286DBD9C000EE9B2 /* Release */,
			);
			defaultConfigurationIsVisible = 0;
			defaultConfigurationName = Release;
		};
		B90756BE286DBD9C000EE9B2 /* Build configuration list for PBXNativeTarget "Practic" */ = {
			isa = XCConfigurationList;
			buildConfigurations = (
				B90756BF286DBD9C000EE9B2 /* Debug */,
				B90756C0286DBD9C000EE9B2 /* Release */,
			);
			defaultConfigurationIsVisible = 0;
			defaultConfigurationName = Release;
		};
/* End XCConfigurationList section */

/* Begin XCVersionGroup section */
		B90756B3286DBD9A000EE9B2 /* Practic.xcdatamodeld */ = {
			isa = XCVersionGroup;
			children = (
				B90756B4286DBD9A000EE9B2 /* Practic.xcdatamodel */,
			);
			currentVersion = B90756B4286DBD9A000EE9B2 /* Practic.xcdatamodel */;
			path = Practic.xcdatamodeld;
			sourceTree = "<group>";
			versionGroupType = wrapper.xcdatamodel;
		};
/* End XCVersionGroup section */
	};
	rootObject = B907569F286DBD9A000EE9B2 /* Project object */;
}
